github.com/bdlm/log v0.1.20 h1:fSxBuBSHz+DkxPSFlaVcPiep20mCYUJZ5azUynkjhfA=
github.com/bdlm/log v0.1.20/go.mod h1:30V5Zwc5Vt5ePq5rd9KJ6JQ/A5aFUcKzq5fYtO7c9qc=
github.com/bdlm/std v1.0.1 h1:USdxays+0tgB3BJCEQ9z942tmTWmzpVPC7jCvczsj/I=
github.com/bdlm/std v1.0.1/go.mod h1:dittT3gnvbHQ4P+1UbkdSwkHFHVl1gx8qYu4zIFyB+Q=
github.com/godbus/dbus/v5 v5.0.4 h1:9349emZab16e7zQvpmsbtjc18ykshndd8y2PG3sgJbA=
github.com/godbus/dbus/v5 v5.0.4/go.mod h1:xhWf0FNVPg57R7Z0UbKHbJfkEywrmjJnf7w5xrFpKfA=
golang.org/x/crypto v0.0.0-20210817164053-32db794688a5 h1:HWj/xjIHfjYU5nVXpTM0s39J9CbLn7Cc5a7IC5rwsMQ=
golang.org/x/crypto v0.0.0-20210817164053-32db794688a5/go.mod h1:GvvjBRRGRdwPK5ydBHafDWAxML/pGHZbMvKqRZ5+Abc=
golang.org/x/sys v0.0.0-20201119102817-f84b799fce68/go.mod h1:h1NjWce9XRLGQEsW7wpKNCjG9DtNlClVuFLEZdDNbEs=
golang.org/x/sys v0.0.0-20210903071746-97244b99971b h1:3Dq0eVHn0uaQJmPO+/aYPI/fRMqdrVDbu7MQcku54gg=
golang.org/x/sys v0.0.0-20210903071746-97244b99971b/go.mod h1:oPkhp1MJrh7nUepCBck5+mAzfO9JrbApNNgaTdGDITg=
golang.org/x/term v0.0.0-20201126162022-7de9c90e9dd1 h1:v+OssWQX+hTHEmOBgwxdZxK4zHq3yOs8F9J7mk0PY8E=
golang.org/x/term v0.0.0-20201126162022-7de9c90e9dd1/go.mod h1:bj7SfCRtBDWHUb9snDiAeCFNEtKQo2Wmx5Cou7ajbmo=
